
Microsoft Visual Studio Solution File, Format Version 12.00
# Visual Studio Version 17
VisualStudioVersion = 17.11.35327.3
MinimumVisualStudioVersion = 10.0.40219.1
Project("{FAE04EC0-301F-11D3-BF4B-00C04F79EFBC}") = "LuxImport", "LuxImport\LuxImport.csproj", "{18322530-BF25-428B-AA2A-AB0AD673B194}"
EndProject
Project("{FAE04EC0-301F-11D3-BF4B-00C04F79EFBC}") = "LuxImport.Tests", "LuxImport.Tests\LuxImport.Tests.csproj", "{53F2D438-08F0-4F58-83F2-CABF72DE296B}"
EndProject
Project("{FAE04EC0-301F-11D3-BF4B-00C04F79EFBC}") = "LuxImport.Benchmark", "LuxImport.Benchmark\LuxImport.Benchmark.csproj", "{A22B905E-0524-4AAB-8D09-ADE61E933884}"
EndProject
Global
	GlobalSection(SolutionConfigurationPlatforms) = preSolution
		Debug|Any CPU = Debug|Any CPU
		Release|Any CPU = Release|Any CPU
	EndGlobalSection
	GlobalSection(ProjectConfigurationPlatforms) = postSolution
		{18322530-BF25-428B-AA2A-AB0AD673B194}.Debug|Any CPU.ActiveCfg = Debug|Any CPU
		{18322530-BF25-428B-AA2A-AB0AD673B194}.Debug|Any CPU.Build.0 = Debug|Any CPU
		{18322530-BF25-428B-AA2A-AB0AD673B194}.Release|Any CPU.ActiveCfg = Release|Any CPU
		{18322530-BF25-428B-AA2A-AB0AD673B194}.Release|Any CPU.Build.0 = Release|Any CPU
		{53F2D438-08F0-4F58-83F2-CABF72DE296B}.Debug|Any CPU.ActiveCfg = Debug|Any CPU
		{53F2D438-08F0-4F58-83F2-CABF72DE296B}.Debug|Any CPU.Build.0 = Debug|Any CPU
		{53F2D438-08F0-4F58-83F2-CABF72DE296B}.Release|Any CPU.ActiveCfg = Release|Any CPU
		{53F2D438-08F0-4F58-83F2-CABF72DE296B}.Release|Any CPU.Build.0 = Release|Any CPU
		{A22B905E-0524-4AAB-8D09-ADE61E933884}.Debug|Any CPU.ActiveCfg = Debug|Any CPU
		{A22B905E-0524-4AAB-8D09-ADE61E933884}.Debug|Any CPU.Build.0 = Debug|Any CPU
		{A22B905E-0524-4AAB-8D09-ADE61E933884}.Release|Any CPU.ActiveCfg = Release|Any CPU
		{A22B905E-0524-4AAB-8D09-ADE61E933884}.Release|Any CPU.Build.0 = Release|Any CPU
	EndGlobalSection
	GlobalSection(SolutionProperties) = preSolution
		HideSolutionNode = FALSE
	EndGlobalSection
	GlobalSection(ExtensibilityGlobals) = postSolution
		SolutionGuid = {11965E80-0875-4581-BAD1-E9DCE506631D}
	EndGlobalSection
EndGlobal
