
Microsoft Visual Studio Solution File, Format Version 12.00
# Visual Studio Version 17
VisualStudioVersion = 17.11.35312.102
MinimumVisualStudioVersion = 10.0.40219.1
Project("{9A19103F-16F7-4668-BE54-9A1E7A4F7556}") = "Luxoria.App", "Luxoria.App\Luxoria.App.csproj", "{4D7BBDAD-CF00-44A9-AFC5-2CAFFD8A79D5}"
EndProject
Project("{9A19103F-16F7-4668-BE54-9A1E7A4F7556}") = "Luxoria.Modules", "Luxoria.Modules\Luxoria.Modules.csproj", "{14A3107C-67CD-47A4-89E1-791BEEFF4E85}"
EndProject
Project("{9A19103F-16F7-4668-BE54-9A1E7A4F7556}") = "Luxoria.Core", "Luxoria.Core\Luxoria.Core.csproj", "{BB99251A-8DE6-47DA-9C1D-E13FAAC142FE}"
EndProject
Project("{FAE04EC0-301F-11D3-BF4B-00C04F79EFBC}") = "Luxoria.SDK", "Luxoria.SDK\Luxoria.SDK.csproj", "{4150AFC8-62CC-4E3D-BD56-84BEEBFB3CD3}"
EndProject
Project("{FAE04EC0-301F-11D3-BF4B-00C04F79EFBC}") = "Luxoria.SDK.Tests", "Luxoria.SDK.Tests\Luxoria.SDK.Tests.csproj", "{69348C36-EA1C-4CD1-9321-13B1FA6B3AAC}"
EndProject
Project("{FAE04EC0-301F-11D3-BF4B-00C04F79EFBC}") = "Luxoria.Modules.Tests", "Luxoria.Modules.Tests\Luxoria.Modules.Tests.csproj", "{3EECD352-F433-4684-94F8-347453DF431D}"
EndProject
Project("{FAE04EC0-301F-11D3-BF4B-00C04F79EFBC}") = "Luxoria.Core.Tests", "Luxoria.Core.Tests\Luxoria.Core.Tests.csproj", "{417447CF-93F5-41B1-B0E1-D8C443B67580}"
EndProject
Project("{FAE04EC0-301F-11D3-BF4B-00C04F79EFBC}") = "Luxoria.GModules", "Luxoria.GModules\Luxoria.GModules.csproj", "{339C1F86-FAF1-4A38-AC98-4036F4715B9D}"
EndProject
Global
	GlobalSection(SolutionConfigurationPlatforms) = preSolution
		Debug|Any CPU = Debug|Any CPU
		Debug|ARM64 = Debug|ARM64
		Debug|x64 = Debug|x64
		Debug|x86 = Debug|x86
		Release|Any CPU = Release|Any CPU
		Release|ARM64 = Release|ARM64
		Release|x64 = Release|x64
		Release|x86 = Release|x86
	EndGlobalSection
	GlobalSection(ProjectConfigurationPlatforms) = postSolution
		{4D7BBDAD-CF00-44A9-AFC5-2CAFFD8A79D5}.Debug|Any CPU.ActiveCfg = Debug|x64
		{4D7BBDAD-CF00-44A9-AFC5-2CAFFD8A79D5}.Debug|Any CPU.Build.0 = Debug|x64
		{4D7BBDAD-CF00-44A9-AFC5-2CAFFD8A79D5}.Debug|Any CPU.Deploy.0 = Debug|x64
		{4D7BBDAD-CF00-44A9-AFC5-2CAFFD8A79D5}.Debug|ARM64.ActiveCfg = Debug|ARM64
		{4D7BBDAD-CF00-44A9-AFC5-2CAFFD8A79D5}.Debug|ARM64.Build.0 = Debug|ARM64
		{4D7BBDAD-CF00-44A9-AFC5-2CAFFD8A79D5}.Debug|ARM64.Deploy.0 = Debug|ARM64
		{4D7BBDAD-CF00-44A9-AFC5-2CAFFD8A79D5}.Debug|x64.ActiveCfg = Debug|x64
		{4D7BBDAD-CF00-44A9-AFC5-2CAFFD8A79D5}.Debug|x64.Build.0 = Debug|x64
		{4D7BBDAD-CF00-44A9-AFC5-2CAFFD8A79D5}.Debug|x64.Deploy.0 = Debug|x64
		{4D7BBDAD-CF00-44A9-AFC5-2CAFFD8A79D5}.Debug|x86.ActiveCfg = Debug|x86
		{4D7BBDAD-CF00-44A9-AFC5-2CAFFD8A79D5}.Debug|x86.Build.0 = Debug|x86
		{4D7BBDAD-CF00-44A9-AFC5-2CAFFD8A79D5}.Debug|x86.Deploy.0 = Debug|x86
		{4D7BBDAD-CF00-44A9-AFC5-2CAFFD8A79D5}.Release|Any CPU.ActiveCfg = Release|x64
		{4D7BBDAD-CF00-44A9-AFC5-2CAFFD8A79D5}.Release|Any CPU.Build.0 = Release|x64
		{4D7BBDAD-CF00-44A9-AFC5-2CAFFD8A79D5}.Release|Any CPU.Deploy.0 = Release|x64
		{4D7BBDAD-CF00-44A9-AFC5-2CAFFD8A79D5}.Release|ARM64.ActiveCfg = Release|ARM64
		{4D7BBDAD-CF00-44A9-AFC5-2CAFFD8A79D5}.Release|ARM64.Build.0 = Release|ARM64
		{4D7BBDAD-CF00-44A9-AFC5-2CAFFD8A79D5}.Release|ARM64.Deploy.0 = Release|ARM64
		{4D7BBDAD-CF00-44A9-AFC5-2CAFFD8A79D5}.Release|x64.ActiveCfg = Release|x64
		{4D7BBDAD-CF00-44A9-AFC5-2CAFFD8A79D5}.Release|x64.Build.0 = Release|x64
		{4D7BBDAD-CF00-44A9-AFC5-2CAFFD8A79D5}.Release|x64.Deploy.0 = Release|x64
		{4D7BBDAD-CF00-44A9-AFC5-2CAFFD8A79D5}.Release|x86.ActiveCfg = Release|x86
		{4D7BBDAD-CF00-44A9-AFC5-2CAFFD8A79D5}.Release|x86.Build.0 = Release|x86
		{4D7BBDAD-CF00-44A9-AFC5-2CAFFD8A79D5}.Release|x86.Deploy.0 = Release|x86
		{14A3107C-67CD-47A4-89E1-791BEEFF4E85}.Debug|Any CPU.ActiveCfg = Debug|Any CPU
		{14A3107C-67CD-47A4-89E1-791BEEFF4E85}.Debug|Any CPU.Build.0 = Debug|Any CPU
		{14A3107C-67CD-47A4-89E1-791BEEFF4E85}.Debug|ARM64.ActiveCfg = Debug|Any CPU
		{14A3107C-67CD-47A4-89E1-791BEEFF4E85}.Debug|ARM64.Build.0 = Debug|Any CPU
		{14A3107C-67CD-47A4-89E1-791BEEFF4E85}.Debug|x64.ActiveCfg = Debug|Any CPU
		{14A3107C-67CD-47A4-89E1-791BEEFF4E85}.Debug|x64.Build.0 = Debug|Any CPU
		{14A3107C-67CD-47A4-89E1-791BEEFF4E85}.Debug|x86.ActiveCfg = Debug|Any CPU
		{14A3107C-67CD-47A4-89E1-791BEEFF4E85}.Debug|x86.Build.0 = Debug|Any CPU
		{14A3107C-67CD-47A4-89E1-791BEEFF4E85}.Release|Any CPU.ActiveCfg = Release|Any CPU
		{14A3107C-67CD-47A4-89E1-791BEEFF4E85}.Release|Any CPU.Build.0 = Release|Any CPU
		{14A3107C-67CD-47A4-89E1-791BEEFF4E85}.Release|ARM64.ActiveCfg = Release|Any CPU
		{14A3107C-67CD-47A4-89E1-791BEEFF4E85}.Release|ARM64.Build.0 = Release|Any CPU
		{14A3107C-67CD-47A4-89E1-791BEEFF4E85}.Release|x64.ActiveCfg = Release|Any CPU
		{14A3107C-67CD-47A4-89E1-791BEEFF4E85}.Release|x64.Build.0 = Release|Any CPU
		{14A3107C-67CD-47A4-89E1-791BEEFF4E85}.Release|x86.ActiveCfg = Release|Any CPU
		{14A3107C-67CD-47A4-89E1-791BEEFF4E85}.Release|x86.Build.0 = Release|Any CPU
		{BB99251A-8DE6-47DA-9C1D-E13FAAC142FE}.Debug|Any CPU.ActiveCfg = Debug|Any CPU
		{BB99251A-8DE6-47DA-9C1D-E13FAAC142FE}.Debug|Any CPU.Build.0 = Debug|Any CPU
		{BB99251A-8DE6-47DA-9C1D-E13FAAC142FE}.Debug|ARM64.ActiveCfg = Debug|Any CPU
		{BB99251A-8DE6-47DA-9C1D-E13FAAC142FE}.Debug|ARM64.Build.0 = Debug|Any CPU
		{BB99251A-8DE6-47DA-9C1D-E13FAAC142FE}.Debug|x64.ActiveCfg = Debug|Any CPU
		{BB99251A-8DE6-47DA-9C1D-E13FAAC142FE}.Debug|x64.Build.0 = Debug|Any CPU
		{BB99251A-8DE6-47DA-9C1D-E13FAAC142FE}.Debug|x86.ActiveCfg = Debug|Any CPU
		{BB99251A-8DE6-47DA-9C1D-E13FAAC142FE}.Debug|x86.Build.0 = Debug|Any CPU
		{BB99251A-8DE6-47DA-9C1D-E13FAAC142FE}.Release|Any CPU.ActiveCfg = Release|Any CPU
		{BB99251A-8DE6-47DA-9C1D-E13FAAC142FE}.Release|Any CPU.Build.0 = Release|Any CPU
		{BB99251A-8DE6-47DA-9C1D-E13FAAC142FE}.Release|ARM64.ActiveCfg = Release|Any CPU
		{BB99251A-8DE6-47DA-9C1D-E13FAAC142FE}.Release|ARM64.Build.0 = Release|Any CPU
		{BB99251A-8DE6-47DA-9C1D-E13FAAC142FE}.Release|x64.ActiveCfg = Release|Any CPU
		{BB99251A-8DE6-47DA-9C1D-E13FAAC142FE}.Release|x64.Build.0 = Release|Any CPU
		{BB99251A-8DE6-47DA-9C1D-E13FAAC142FE}.Release|x86.ActiveCfg = Release|Any CPU
		{BB99251A-8DE6-47DA-9C1D-E13FAAC142FE}.Release|x86.Build.0 = Release|Any CPU
		{4150AFC8-62CC-4E3D-BD56-84BEEBFB3CD3}.Debug|Any CPU.ActiveCfg = Debug|Any CPU
		{4150AFC8-62CC-4E3D-BD56-84BEEBFB3CD3}.Debug|Any CPU.Build.0 = Debug|Any CPU
		{4150AFC8-62CC-4E3D-BD56-84BEEBFB3CD3}.Debug|ARM64.ActiveCfg = Debug|Any CPU
		{4150AFC8-62CC-4E3D-BD56-84BEEBFB3CD3}.Debug|ARM64.Build.0 = Debug|Any CPU
		{4150AFC8-62CC-4E3D-BD56-84BEEBFB3CD3}.Debug|x64.ActiveCfg = Debug|Any CPU
		{4150AFC8-62CC-4E3D-BD56-84BEEBFB3CD3}.Debug|x64.Build.0 = Debug|Any CPU
		{4150AFC8-62CC-4E3D-BD56-84BEEBFB3CD3}.Debug|x86.ActiveCfg = Debug|Any CPU
		{4150AFC8-62CC-4E3D-BD56-84BEEBFB3CD3}.Debug|x86.Build.0 = Debug|Any CPU
		{4150AFC8-62CC-4E3D-BD56-84BEEBFB3CD3}.Release|Any CPU.ActiveCfg = Release|Any CPU
		{4150AFC8-62CC-4E3D-BD56-84BEEBFB3CD3}.Release|Any CPU.Build.0 = Release|Any CPU
		{4150AFC8-62CC-4E3D-BD56-84BEEBFB3CD3}.Release|ARM64.ActiveCfg = Release|Any CPU
		{4150AFC8-62CC-4E3D-BD56-84BEEBFB3CD3}.Release|ARM64.Build.0 = Release|Any CPU
		{4150AFC8-62CC-4E3D-BD56-84BEEBFB3CD3}.Release|x64.ActiveCfg = Release|Any CPU
		{4150AFC8-62CC-4E3D-BD56-84BEEBFB3CD3}.Release|x64.Build.0 = Release|Any CPU
		{4150AFC8-62CC-4E3D-BD56-84BEEBFB3CD3}.Release|x86.ActiveCfg = Release|Any CPU
		{4150AFC8-62CC-4E3D-BD56-84BEEBFB3CD3}.Release|x86.Build.0 = Release|Any CPU
		{69348C36-EA1C-4CD1-9321-13B1FA6B3AAC}.Debug|Any CPU.ActiveCfg = Debug|Any CPU
		{69348C36-EA1C-4CD1-9321-13B1FA6B3AAC}.Debug|Any CPU.Build.0 = Debug|Any CPU
		{69348C36-EA1C-4CD1-9321-13B1FA6B3AAC}.Debug|ARM64.ActiveCfg = Debug|Any CPU
		{69348C36-EA1C-4CD1-9321-13B1FA6B3AAC}.Debug|ARM64.Build.0 = Debug|Any CPU
		{69348C36-EA1C-4CD1-9321-13B1FA6B3AAC}.Debug|x64.ActiveCfg = Debug|Any CPU
		{69348C36-EA1C-4CD1-9321-13B1FA6B3AAC}.Debug|x64.Build.0 = Debug|Any CPU
		{69348C36-EA1C-4CD1-9321-13B1FA6B3AAC}.Debug|x86.ActiveCfg = Debug|Any CPU
		{69348C36-EA1C-4CD1-9321-13B1FA6B3AAC}.Debug|x86.Build.0 = Debug|Any CPU
		{69348C36-EA1C-4CD1-9321-13B1FA6B3AAC}.Release|Any CPU.ActiveCfg = Release|Any CPU
		{69348C36-EA1C-4CD1-9321-13B1FA6B3AAC}.Release|Any CPU.Build.0 = Release|Any CPU
		{69348C36-EA1C-4CD1-9321-13B1FA6B3AAC}.Release|ARM64.ActiveCfg = Release|Any CPU
		{69348C36-EA1C-4CD1-9321-13B1FA6B3AAC}.Release|ARM64.Build.0 = Release|Any CPU
		{69348C36-EA1C-4CD1-9321-13B1FA6B3AAC}.Release|x64.ActiveCfg = Release|Any CPU
		{69348C36-EA1C-4CD1-9321-13B1FA6B3AAC}.Release|x64.Build.0 = Release|Any CPU
		{69348C36-EA1C-4CD1-9321-13B1FA6B3AAC}.Release|x86.ActiveCfg = Release|Any CPU
		{69348C36-EA1C-4CD1-9321-13B1FA6B3AAC}.Release|x86.Build.0 = Release|Any CPU
		{3EECD352-F433-4684-94F8-347453DF431D}.Debug|Any CPU.ActiveCfg = Debug|Any CPU
		{3EECD352-F433-4684-94F8-347453DF431D}.Debug|Any CPU.Build.0 = Debug|Any CPU
		{3EECD352-F433-4684-94F8-347453DF431D}.Debug|ARM64.ActiveCfg = Debug|Any CPU
		{3EECD352-F433-4684-94F8-347453DF431D}.Debug|ARM64.Build.0 = Debug|Any CPU
		{3EECD352-F433-4684-94F8-347453DF431D}.Debug|x64.ActiveCfg = Debug|Any CPU
		{3EECD352-F433-4684-94F8-347453DF431D}.Debug|x64.Build.0 = Debug|Any CPU
		{3EECD352-F433-4684-94F8-347453DF431D}.Debug|x86.ActiveCfg = Debug|Any CPU
		{3EECD352-F433-4684-94F8-347453DF431D}.Debug|x86.Build.0 = Debug|Any CPU
		{3EECD352-F433-4684-94F8-347453DF431D}.Release|Any CPU.ActiveCfg = Release|Any CPU
		{3EECD352-F433-4684-94F8-347453DF431D}.Release|Any CPU.Build.0 = Release|Any CPU
		{3EECD352-F433-4684-94F8-347453DF431D}.Release|ARM64.ActiveCfg = Release|Any CPU
		{3EECD352-F433-4684-94F8-347453DF431D}.Release|ARM64.Build.0 = Release|Any CPU
		{3EECD352-F433-4684-94F8-347453DF431D}.Release|x64.ActiveCfg = Release|Any CPU
		{3EECD352-F433-4684-94F8-347453DF431D}.Release|x64.Build.0 = Release|Any CPU
		{3EECD352-F433-4684-94F8-347453DF431D}.Release|x86.ActiveCfg = Release|Any CPU
		{3EECD352-F433-4684-94F8-347453DF431D}.Release|x86.Build.0 = Release|Any CPU
		{417447CF-93F5-41B1-B0E1-D8C443B67580}.Debug|Any CPU.ActiveCfg = Debug|Any CPU
		{417447CF-93F5-41B1-B0E1-D8C443B67580}.Debug|Any CPU.Build.0 = Debug|Any CPU
		{417447CF-93F5-41B1-B0E1-D8C443B67580}.Debug|ARM64.ActiveCfg = Debug|Any CPU
		{417447CF-93F5-41B1-B0E1-D8C443B67580}.Debug|ARM64.Build.0 = Debug|Any CPU
		{417447CF-93F5-41B1-B0E1-D8C443B67580}.Debug|x64.ActiveCfg = Debug|Any CPU
		{417447CF-93F5-41B1-B0E1-D8C443B67580}.Debug|x64.Build.0 = Debug|Any CPU
		{417447CF-93F5-41B1-B0E1-D8C443B67580}.Debug|x86.ActiveCfg = Debug|Any CPU
		{417447CF-93F5-41B1-B0E1-D8C443B67580}.Debug|x86.Build.0 = Debug|Any CPU
		{417447CF-93F5-41B1-B0E1-D8C443B67580}.Release|Any CPU.ActiveCfg = Release|Any CPU
		{417447CF-93F5-41B1-B0E1-D8C443B67580}.Release|Any CPU.Build.0 = Release|Any CPU
		{417447CF-93F5-41B1-B0E1-D8C443B67580}.Release|ARM64.ActiveCfg = Release|Any CPU
		{417447CF-93F5-41B1-B0E1-D8C443B67580}.Release|ARM64.Build.0 = Release|Any CPU
		{417447CF-93F5-41B1-B0E1-D8C443B67580}.Release|x64.ActiveCfg = Release|Any CPU
		{417447CF-93F5-41B1-B0E1-D8C443B67580}.Release|x64.Build.0 = Release|Any CPU
		{417447CF-93F5-41B1-B0E1-D8C443B67580}.Release|x86.ActiveCfg = Release|Any CPU
		{417447CF-93F5-41B1-B0E1-D8C443B67580}.Release|x86.Build.0 = Release|Any CPU
		{339C1F86-FAF1-4A38-AC98-4036F4715B9D}.Debug|Any CPU.ActiveCfg = Debug|Any CPU
		{339C1F86-FAF1-4A38-AC98-4036F4715B9D}.Debug|Any CPU.Build.0 = Debug|Any CPU
		{339C1F86-FAF1-4A38-AC98-4036F4715B9D}.Debug|ARM64.ActiveCfg = Debug|Any CPU
		{339C1F86-FAF1-4A38-AC98-4036F4715B9D}.Debug|ARM64.Build.0 = Debug|Any CPU
		{339C1F86-FAF1-4A38-AC98-4036F4715B9D}.Debug|x64.ActiveCfg = Debug|Any CPU
		{339C1F86-FAF1-4A38-AC98-4036F4715B9D}.Debug|x64.Build.0 = Debug|Any CPU
		{339C1F86-FAF1-4A38-AC98-4036F4715B9D}.Debug|x86.ActiveCfg = Debug|Any CPU
		{339C1F86-FAF1-4A38-AC98-4036F4715B9D}.Debug|x86.Build.0 = Debug|Any CPU
		{339C1F86-FAF1-4A38-AC98-4036F4715B9D}.Release|Any CPU.ActiveCfg = Release|Any CPU
		{339C1F86-FAF1-4A38-AC98-4036F4715B9D}.Release|Any CPU.Build.0 = Release|Any CPU
		{339C1F86-FAF1-4A38-AC98-4036F4715B9D}.Release|ARM64.ActiveCfg = Release|Any CPU
		{339C1F86-FAF1-4A38-AC98-4036F4715B9D}.Release|ARM64.Build.0 = Release|Any CPU
		{339C1F86-FAF1-4A38-AC98-4036F4715B9D}.Release|x64.ActiveCfg = Release|Any CPU
		{339C1F86-FAF1-4A38-AC98-4036F4715B9D}.Release|x64.Build.0 = Release|Any CPU
		{339C1F86-FAF1-4A38-AC98-4036F4715B9D}.Release|x86.ActiveCfg = Release|Any CPU
		{339C1F86-FAF1-4A38-AC98-4036F4715B9D}.Release|x86.Build.0 = Release|Any CPU
	EndGlobalSection
	GlobalSection(SolutionProperties) = preSolution
		HideSolutionNode = FALSE
	EndGlobalSection
	GlobalSection(ExtensibilityGlobals) = postSolution
		SolutionGuid = {67D2C71B-9FAD-4EC1-B7DD-AB05F73D5457}
	EndGlobalSection
EndGlobal
